
Microsoft Visual Studio Solution File, Format Version 12.00
# Visual Studio Version 16
VisualStudioVersion = 16.0.30907.101
MinimumVisualStudioVersion = 10.0.40219.1
Project("{9A19103F-16F7-4668-BE54-9A1E7A4F7556}") = "softwareCamp", "softwareCamp\softwareCamp.csproj", "{0BD4B1B7-FA02-45FC-94E6-545D6983F05C}"
EndProject
Project("{9A19103F-16F7-4668-BE54-9A1E7A4F7556}") = "classHomework", "classHomework\classHomework.csproj", "{516069B7-48BE-44B6-ADC4-44359FA1EE34}"
EndProject
Project("{9A19103F-16F7-4668-BE54-9A1E7A4F7556}") = "Loops", "Loops\Loops.csproj", "{8899BE81-7EF3-4413-A341-D97B1EA55E61}"
EndProject
Project("{9A19103F-16F7-4668-BE54-9A1E7A4F7556}") = "firsC", "firstC\firsC.csproj", "{9264B930-DCAE-435F-951D-44882F1A64A1}"
EndProject
Project("{9A19103F-16F7-4668-BE54-9A1E7A4F7556}") = "ClassIntro", "ClassIntro\ClassIntro.csproj", "{20ACABF7-9055-47FD-B9BB-BDFCD08EA82F}"
EndProject
Project("{9A19103F-16F7-4668-BE54-9A1E7A4F7556}") = "Methods", "Methods\Methods.csproj", "{B88D06D8-21F3-4CD4-9484-872BD786EDE6}"
EndProject
Project("{9A19103F-16F7-4668-BE54-9A1E7A4F7556}") = "maths", "maths\maths.csproj", "{F3EE8496-2143-4691-8B69-8233908DAE94}"
EndProject
Project("{9A19103F-16F7-4668-BE54-9A1E7A4F7556}") = "ValueAndReferenceTypes", "ValueAndReferenceTypes\ValueAndReferenceTypes.csproj", "{48FF35A0-BABF-4136-8990-269D2EBC1676}"
EndProject
Project("{9A19103F-16F7-4668-BE54-9A1E7A4F7556}") = "OOP1", "OOP1\OOP1.csproj", "{2585FB9E-BBC3-45B5-9C36-20C33A00DA97}"
EndProject
Project("{9A19103F-16F7-4668-BE54-9A1E7A4F7556}") = "Collections", "Collections\Collections.csproj", "{A8533AEE-0D2A-4B6C-BAAE-C670410820A0}"
EndProject
Project("{9A19103F-16F7-4668-BE54-9A1E7A4F7556}") = "GenericsIntro", "GenericsIntro\GenericsIntro.csproj", "{B5580027-2802-4444-8BF7-8C0D7DF0BBB7}"
EndProject
Project("{FAE04EC0-301F-11D3-BF4B-00C04F79EFBC}") = "OOP2", "OOP2\OOP2.csproj", "{ED451481-A499-43D9-9708-59F68A5ABD2C}"
EndProject
Project("{FAE04EC0-301F-11D3-BF4B-00C04F79EFBC}") = "OOP3", "OOP3\OOP3.csproj", "{325989E0-A487-4984-B688-AA43D82992A7}"
EndProject
Global
	GlobalSection(SolutionConfigurationPlatforms) = preSolution
		Debug|Any CPU = Debug|Any CPU
		Release|Any CPU = Release|Any CPU
	EndGlobalSection
	GlobalSection(ProjectConfigurationPlatforms) = postSolution
		{0BD4B1B7-FA02-45FC-94E6-545D6983F05C}.Debug|Any CPU.ActiveCfg = Debug|Any CPU
		{0BD4B1B7-FA02-45FC-94E6-545D6983F05C}.Debug|Any CPU.Build.0 = Debug|Any CPU
		{0BD4B1B7-FA02-45FC-94E6-545D6983F05C}.Release|Any CPU.ActiveCfg = Release|Any CPU
		{0BD4B1B7-FA02-45FC-94E6-545D6983F05C}.Release|Any CPU.Build.0 = Release|Any CPU
		{516069B7-48BE-44B6-ADC4-44359FA1EE34}.Debug|Any CPU.ActiveCfg = Debug|Any CPU
		{516069B7-48BE-44B6-ADC4-44359FA1EE34}.Debug|Any CPU.Build.0 = Debug|Any CPU
		{516069B7-48BE-44B6-ADC4-44359FA1EE34}.Release|Any CPU.ActiveCfg = Release|Any CPU
		{516069B7-48BE-44B6-ADC4-44359FA1EE34}.Release|Any CPU.Build.0 = Release|Any CPU
		{8899BE81-7EF3-4413-A341-D97B1EA55E61}.Debug|Any CPU.ActiveCfg = Debug|Any CPU
		{8899BE81-7EF3-4413-A341-D97B1EA55E61}.Debug|Any CPU.Build.0 = Debug|Any CPU
		{8899BE81-7EF3-4413-A341-D97B1EA55E61}.Release|Any CPU.ActiveCfg = Release|Any CPU
		{8899BE81-7EF3-4413-A341-D97B1EA55E61}.Release|Any CPU.Build.0 = Release|Any CPU
		{9264B930-DCAE-435F-951D-44882F1A64A1}.Debug|Any CPU.ActiveCfg = Debug|Any CPU
		{9264B930-DCAE-435F-951D-44882F1A64A1}.Debug|Any CPU.Build.0 = Debug|Any CPU
		{9264B930-DCAE-435F-951D-44882F1A64A1}.Release|Any CPU.ActiveCfg = Release|Any CPU
		{9264B930-DCAE-435F-951D-44882F1A64A1}.Release|Any CPU.Build.0 = Release|Any CPU
		{20ACABF7-9055-47FD-B9BB-BDFCD08EA82F}.Debug|Any CPU.ActiveCfg = Debug|Any CPU
		{20ACABF7-9055-47FD-B9BB-BDFCD08EA82F}.Debug|Any CPU.Build.0 = Debug|Any CPU
		{20ACABF7-9055-47FD-B9BB-BDFCD08EA82F}.Release|Any CPU.ActiveCfg = Release|Any CPU
		{20ACABF7-9055-47FD-B9BB-BDFCD08EA82F}.Release|Any CPU.Build.0 = Release|Any CPU
		{B88D06D8-21F3-4CD4-9484-872BD786EDE6}.Debug|Any CPU.ActiveCfg = Debug|Any CPU
		{B88D06D8-21F3-4CD4-9484-872BD786EDE6}.Debug|Any CPU.Build.0 = Debug|Any CPU
		{B88D06D8-21F3-4CD4-9484-872BD786EDE6}.Release|Any CPU.ActiveCfg = Release|Any CPU
		{B88D06D8-21F3-4CD4-9484-872BD786EDE6}.Release|Any CPU.Build.0 = Release|Any CPU
		{F3EE8496-2143-4691-8B69-8233908DAE94}.Debug|Any CPU.ActiveCfg = Debug|Any CPU
		{F3EE8496-2143-4691-8B69-8233908DAE94}.Debug|Any CPU.Build.0 = Debug|Any CPU
		{F3EE8496-2143-4691-8B69-8233908DAE94}.Release|Any CPU.ActiveCfg = Release|Any CPU
		{F3EE8496-2143-4691-8B69-8233908DAE94}.Release|Any CPU.Build.0 = Release|Any CPU
		{48FF35A0-BABF-4136-8990-269D2EBC1676}.Debug|Any CPU.ActiveCfg = Debug|Any CPU
		{48FF35A0-BABF-4136-8990-269D2EBC1676}.Debug|Any CPU.Build.0 = Debug|Any CPU
		{48FF35A0-BABF-4136-8990-269D2EBC1676}.Release|Any CPU.ActiveCfg = Release|Any CPU
		{48FF35A0-BABF-4136-8990-269D2EBC1676}.Release|Any CPU.Build.0 = Release|Any CPU
		{2585FB9E-BBC3-45B5-9C36-20C33A00DA97}.Debug|Any CPU.ActiveCfg = Debug|Any CPU
		{2585FB9E-BBC3-45B5-9C36-20C33A00DA97}.Debug|Any CPU.Build.0 = Debug|Any CPU
		{2585FB9E-BBC3-45B5-9C36-20C33A00DA97}.Release|Any CPU.ActiveCfg = Release|Any CPU
		{2585FB9E-BBC3-45B5-9C36-20C33A00DA97}.Release|Any CPU.Build.0 = Release|Any CPU
		{A8533AEE-0D2A-4B6C-BAAE-C670410820A0}.Debug|Any CPU.ActiveCfg = Debug|Any CPU
		{A8533AEE-0D2A-4B6C-BAAE-C670410820A0}.Debug|Any CPU.Build.0 = Debug|Any CPU
		{A8533AEE-0D2A-4B6C-BAAE-C670410820A0}.Release|Any CPU.ActiveCfg = Release|Any CPU
		{A8533AEE-0D2A-4B6C-BAAE-C670410820A0}.Release|Any CPU.Build.0 = Release|Any CPU
		{B5580027-2802-4444-8BF7-8C0D7DF0BBB7}.Debug|Any CPU.ActiveCfg = Debug|Any CPU
		{B5580027-2802-4444-8BF7-8C0D7DF0BBB7}.Debug|Any CPU.Build.0 = Debug|Any CPU
		{B5580027-2802-4444-8BF7-8C0D7DF0BBB7}.Release|Any CPU.ActiveCfg = Release|Any CPU
		{B5580027-2802-4444-8BF7-8C0D7DF0BBB7}.Release|Any CPU.Build.0 = Release|Any CPU
		{ED451481-A499-43D9-9708-59F68A5ABD2C}.Debug|Any CPU.ActiveCfg = Debug|Any CPU
		{ED451481-A499-43D9-9708-59F68A5ABD2C}.Debug|Any CPU.Build.0 = Debug|Any CPU
		{ED451481-A499-43D9-9708-59F68A5ABD2C}.Release|Any CPU.ActiveCfg = Release|Any CPU
		{ED451481-A499-43D9-9708-59F68A5ABD2C}.Release|Any CPU.Build.0 = Release|Any CPU
		{325989E0-A487-4984-B688-AA43D82992A7}.Debug|Any CPU.ActiveCfg = Debug|Any CPU
		{325989E0-A487-4984-B688-AA43D82992A7}.Debug|Any CPU.Build.0 = Debug|Any CPU
		{325989E0-A487-4984-B688-AA43D82992A7}.Release|Any CPU.ActiveCfg = Release|Any CPU
		{325989E0-A487-4984-B688-AA43D82992A7}.Release|Any CPU.Build.0 = Release|Any CPU
	EndGlobalSection
	GlobalSection(SolutionProperties) = preSolution
		HideSolutionNode = FALSE
	EndGlobalSection
	GlobalSection(ExtensibilityGlobals) = postSolution
		SolutionGuid = {A4F7C506-A1B1-4678-BDED-4AA4174EC14C}
	EndGlobalSection
EndGlobal
